
Microsoft Visual Studio Solution File, Format Version 12.00
# Visual Studio 2013
VisualStudioVersion = 12.0.21005.1
MinimumVisualStudioVersion = 10.0.40219.1
Project("{FAE04EC0-301F-11D3-BF4B-00C04F79EFBC}") = "EShop.Models", "EShop.Models\EShop.Models.csproj", "{8164C9CA-74C7-4921-B436-55909D87218B}"
EndProject
Project("{FAE04EC0-301F-11D3-BF4B-00C04F79EFBC}") = "EShop.DAL", "EShop.DAL\EShop.DAL.csproj", "{7542DCB5-D50E-41AF-B0DA-E618872F10F6}"
EndProject
Project("{FAE04EC0-301F-11D3-BF4B-00C04F79EFBC}") = "EShop.BLL", "EShop.BLL\EShop.BLL.csproj", "{2C8B74E5-2C6E-42EB-AF44-F6E4436294C0}"
EndProject
Project("{FAE04EC0-301F-11D3-BF4B-00C04F79EFBC}") = "EShop.Common", "EShop.Common\EShop.Common.csproj", "{9E17042C-75D0-4371-AF70-6615D236F25A}"
EndProject
Project("{FAE04EC0-301F-11D3-BF4B-00C04F79EFBC}") = "EShop.Web", "EShop.Web\EShop.Web.csproj", "{523F685D-2D37-443C-9FFE-479E91F17FA9}"
EndProject
Global
	GlobalSection(SolutionConfigurationPlatforms) = preSolution
		Debug|Any CPU = Debug|Any CPU
		Release|Any CPU = Release|Any CPU
	EndGlobalSection
	GlobalSection(ProjectConfigurationPlatforms) = postSolution
		{8164C9CA-74C7-4921-B436-55909D87218B}.Debug|Any CPU.ActiveCfg = Debug|Any CPU
		{8164C9CA-74C7-4921-B436-55909D87218B}.Debug|Any CPU.Build.0 = Debug|Any CPU
		{8164C9CA-74C7-4921-B436-55909D87218B}.Release|Any CPU.ActiveCfg = Release|Any CPU
		{8164C9CA-74C7-4921-B436-55909D87218B}.Release|Any CPU.Build.0 = Release|Any CPU
		{7542DCB5-D50E-41AF-B0DA-E618872F10F6}.Debug|Any CPU.ActiveCfg = Debug|Any CPU
		{7542DCB5-D50E-41AF-B0DA-E618872F10F6}.Debug|Any CPU.Build.0 = Debug|Any CPU
		{7542DCB5-D50E-41AF-B0DA-E618872F10F6}.Release|Any CPU.ActiveCfg = Release|Any CPU
		{7542DCB5-D50E-41AF-B0DA-E618872F10F6}.Release|Any CPU.Build.0 = Release|Any CPU
		{2C8B74E5-2C6E-42EB-AF44-F6E4436294C0}.Debug|Any CPU.ActiveCfg = Debug|Any CPU
		{2C8B74E5-2C6E-42EB-AF44-F6E4436294C0}.Debug|Any CPU.Build.0 = Debug|Any CPU
		{2C8B74E5-2C6E-42EB-AF44-F6E4436294C0}.Release|Any CPU.ActiveCfg = Release|Any CPU
		{2C8B74E5-2C6E-42EB-AF44-F6E4436294C0}.Release|Any CPU.Build.0 = Release|Any CPU
		{9E17042C-75D0-4371-AF70-6615D236F25A}.Debug|Any CPU.ActiveCfg = Debug|Any CPU
		{9E17042C-75D0-4371-AF70-6615D236F25A}.Debug|Any CPU.Build.0 = Debug|Any CPU
		{9E17042C-75D0-4371-AF70-6615D236F25A}.Release|Any CPU.ActiveCfg = Release|Any CPU
		{9E17042C-75D0-4371-AF70-6615D236F25A}.Release|Any CPU.Build.0 = Release|Any CPU
		{523F685D-2D37-443C-9FFE-479E91F17FA9}.Debug|Any CPU.ActiveCfg = Debug|Any CPU
		{523F685D-2D37-443C-9FFE-479E91F17FA9}.Debug|Any CPU.Build.0 = Debug|Any CPU
		{523F685D-2D37-443C-9FFE-479E91F17FA9}.Release|Any CPU.ActiveCfg = Release|Any CPU
		{523F685D-2D37-443C-9FFE-479E91F17FA9}.Release|Any CPU.Build.0 = Release|Any CPU
	EndGlobalSection
	GlobalSection(SolutionProperties) = preSolution
		HideSolutionNode = FALSE
	EndGlobalSection
EndGlobal
